
Microsoft Visual Studio Solution File, Format Version 12.00
# Visual Studio 15
VisualStudioVersion = 15.0.28307.329
MinimumVisualStudioVersion = 10.0.40219.1
Project("{FAE04EC0-301F-11D3-BF4B-00C04F79EFBC}") = "Test1505part2q2", "Test1505part2q2\Test1505part2q2.csproj", "{606E38B8-B9B5-4E3B-8AD1-6A0E328E8A7C}"
EndProject
Global
	GlobalSection(SolutionConfigurationPlatforms) = preSolution
		Debug|Any CPU = Debug|Any CPU
		Release|Any CPU = Release|Any CPU
	EndGlobalSection
	GlobalSection(ProjectConfigurationPlatforms) = postSolution
		{606E38B8-B9B5-4E3B-8AD1-6A0E328E8A7C}.Debug|Any CPU.ActiveCfg = Debug|Any CPU
		{606E38B8-B9B5-4E3B-8AD1-6A0E328E8A7C}.Debug|Any CPU.Build.0 = Debug|Any CPU
		{606E38B8-B9B5-4E3B-8AD1-6A0E328E8A7C}.Release|Any CPU.ActiveCfg = Release|Any CPU
		{606E38B8-B9B5-4E3B-8AD1-6A0E328E8A7C}.Release|Any CPU.Build.0 = Release|Any CPU
	EndGlobalSection
	GlobalSection(SolutionProperties) = preSolution
		HideSolutionNode = FALSE
	EndGlobalSection
	GlobalSection(ExtensibilityGlobals) = postSolution
		SolutionGuid = {A9B22508-6126-4938-817A-4DE4D0BAB4F9}
	EndGlobalSection
EndGlobal
